// !$*UTF8*$!
{
	archiveVersion = 1;
	classes = {
	};
	objectVersion = 50;
	objects = {

/* Begin PBXBuildFile section */
		CD215CCC443CB2B41D54EBC0 /* Pods_anyplace.framework in Frameworks */ = {isa = PBXBuildFile; fileRef = 41DA151DEB9E8A68CE4FEB29 /* Pods_anyplace.framework */; };
		E8360FD7211A1BE40017E400 /* APDataManager.swift in Sources */ = {isa = PBXBuildFile; fileRef = E8360FD6211A1BE40017E400 /* APDataManager.swift */; };
		E849546F2116203D00D031C7 /* HotelDetailsViewController.swift in Sources */ = {isa = PBXBuildFile; fileRef = E849546E2116203D00D031C7 /* HotelDetailsViewController.swift */; };
		E84954712116204700D031C7 /* ListCollectionViewCell.swift in Sources */ = {isa = PBXBuildFile; fileRef = E84954702116204700D031C7 /* ListCollectionViewCell.swift */; };
		E849549C211729EA00D031C7 /* RoomDetailsCell.swift in Sources */ = {isa = PBXBuildFile; fileRef = E849549B211729EA00D031C7 /* RoomDetailsCell.swift */; };
		E892A98021158EA300A57DFC /* UIViewExtension.swift in Sources */ = {isa = PBXBuildFile; fileRef = E892A97F21158EA300A57DFC /* UIViewExtension.swift */; };
		E892A98F2115BEE600A57DFC /* Hotel.swift in Sources */ = {isa = PBXBuildFile; fileRef = E892A98E2115BEE600A57DFC /* Hotel.swift */; };
		E892A9922115BF7300A57DFC /* anyplace-hotels.json in Resources */ = {isa = PBXBuildFile; fileRef = E892A9912115BF7300A57DFC /* anyplace-hotels.json */; };
		E892A9952115C44200A57DFC /* MapKit.framework in Frameworks */ = {isa = PBXBuildFile; fileRef = E892A9942115C44200A57DFC /* MapKit.framework */; };
		E892A9972115C58A00A57DFC /* HotelAnnotation.swift in Sources */ = {isa = PBXBuildFile; fileRef = E892A9962115C58A00A57DFC /* HotelAnnotation.swift */; };
		E8A72D702112F9AB0040F867 /* AppDelegate.swift in Sources */ = {isa = PBXBuildFile; fileRef = E8A72D6F2112F9AB0040F867 /* AppDelegate.swift */; };
		E8A72D752112F9AB0040F867 /* Main.storyboard in Resources */ = {isa = PBXBuildFile; fileRef = E8A72D732112F9AB0040F867 /* Main.storyboard */; };
		E8A72D772112F9AD0040F867 /* Assets.xcassets in Resources */ = {isa = PBXBuildFile; fileRef = E8A72D762112F9AD0040F867 /* Assets.xcassets */; };
		E8A72D7A2112F9AD0040F867 /* LaunchScreen.storyboard in Resources */ = {isa = PBXBuildFile; fileRef = E8A72D782112F9AD0040F867 /* LaunchScreen.storyboard */; };
		E8A72D852112F9AD0040F867 /* anyplaceTests.swift in Sources */ = {isa = PBXBuildFile; fileRef = E8A72D842112F9AD0040F867 /* anyplaceTests.swift */; };
		E8BD90BD211979D30019BE8C /* MainViewController.swift in Sources */ = {isa = PBXBuildFile; fileRef = E8BD90BC211979D30019BE8C /* MainViewController.swift */; };
/* End PBXBuildFile section */

/* Begin PBXContainerItemProxy section */
		E8A72D812112F9AD0040F867 /* PBXContainerItemProxy */ = {
			isa = PBXContainerItemProxy;
			containerPortal = E8A72D642112F9AB0040F867 /* Project object */;
			proxyType = 1;
			remoteGlobalIDString = E8A72D6B2112F9AB0040F867;
			remoteInfo = anyplace;
		};
/* End PBXContainerItemProxy section */

/* Begin PBXFileReference section */
		19F4C3CB56996A4AC2C67E58 /* Pods-anyplace.debug.xcconfig */ = {isa = PBXFileReference; includeInIndex = 1; lastKnownFileType = text.xcconfig; name = "Pods-anyplace.debug.xcconfig"; path = "Pods/Target Support Files/Pods-anyplace/Pods-anyplace.debug.xcconfig"; sourceTree = "<group>"; };
		41DA151DEB9E8A68CE4FEB29 /* Pods_anyplace.framework */ = {isa = PBXFileReference; explicitFileType = wrapper.framework; includeInIndex = 0; path = Pods_anyplace.framework; sourceTree = BUILT_PRODUCTS_DIR; };
		CA3127CB48A5F7517AF2EE04 /* Pods-anyplace.release.xcconfig */ = {isa = PBXFileReference; includeInIndex = 1; lastKnownFileType = text.xcconfig; name = "Pods-anyplace.release.xcconfig"; path = "Pods/Target Support Files/Pods-anyplace/Pods-anyplace.release.xcconfig"; sourceTree = "<group>"; };
		E8360FD6211A1BE40017E400 /* APDataManager.swift */ = {isa = PBXFileReference; lastKnownFileType = sourcecode.swift; path = APDataManager.swift; sourceTree = "<group>"; };
		E849546E2116203D00D031C7 /* HotelDetailsViewController.swift */ = {isa = PBXFileReference; fileEncoding = 4; lastKnownFileType = sourcecode.swift; path = HotelDetailsViewController.swift; sourceTree = "<group>"; };
		E84954702116204700D031C7 /* ListCollectionViewCell.swift */ = {isa = PBXFileReference; fileEncoding = 4; lastKnownFileType = sourcecode.swift; path = ListCollectionViewCell.swift; sourceTree = "<group>"; };
		E849549B211729EA00D031C7 /* RoomDetailsCell.swift */ = {isa = PBXFileReference; lastKnownFileType = sourcecode.swift; path = RoomDetailsCell.swift; sourceTree = "<group>"; };
		E892A97F21158EA300A57DFC /* UIViewExtension.swift */ = {isa = PBXFileReference; lastKnownFileType = sourcecode.swift; path = UIViewExtension.swift; sourceTree = "<group>"; };
		E892A98E2115BEE600A57DFC /* Hotel.swift */ = {isa = PBXFileReference; lastKnownFileType = sourcecode.swift; path = Hotel.swift; sourceTree = "<group>"; };
		E892A9912115BF7300A57DFC /* anyplace-hotels.json */ = {isa = PBXFileReference; fileEncoding = 4; lastKnownFileType = text.json; path = "anyplace-hotels.json"; sourceTree = "<group>"; };
		E892A9942115C44200A57DFC /* MapKit.framework */ = {isa = PBXFileReference; lastKnownFileType = wrapper.framework; name = MapKit.framework; path = System/Library/Frameworks/MapKit.framework; sourceTree = SDKROOT; };
		E892A9962115C58A00A57DFC /* HotelAnnotation.swift */ = {isa = PBXFileReference; lastKnownFileType = sourcecode.swift; path = HotelAnnotation.swift; sourceTree = "<group>"; };
		E8A72D6C2112F9AB0040F867 /* anyplace.app */ = {isa = PBXFileReference; explicitFileType = wrapper.application; includeInIndex = 0; path = anyplace.app; sourceTree = BUILT_PRODUCTS_DIR; };
		E8A72D6F2112F9AB0040F867 /* AppDelegate.swift */ = {isa = PBXFileReference; lastKnownFileType = sourcecode.swift; path = AppDelegate.swift; sourceTree = "<group>"; };
		E8A72D742112F9AB0040F867 /* Base */ = {isa = PBXFileReference; lastKnownFileType = file.storyboard; name = Base; path = Base.lproj/Main.storyboard; sourceTree = "<group>"; };
		E8A72D762112F9AD0040F867 /* Assets.xcassets */ = {isa = PBXFileReference; lastKnownFileType = folder.assetcatalog; path = Assets.xcassets; sourceTree = "<group>"; };
		E8A72D792112F9AD0040F867 /* Base */ = {isa = PBXFileReference; lastKnownFileType = file.storyboard; name = Base; path = Base.lproj/LaunchScreen.storyboard; sourceTree = "<group>"; };
		E8A72D7B2112F9AD0040F867 /* Info.plist */ = {isa = PBXFileReference; lastKnownFileType = text.plist.xml; path = Info.plist; sourceTree = "<group>"; };
		E8A72D802112F9AD0040F867 /* anyplaceTests.xctest */ = {isa = PBXFileReference; explicitFileType = wrapper.cfbundle; includeInIndex = 0; path = anyplaceTests.xctest; sourceTree = BUILT_PRODUCTS_DIR; };
		E8A72D842112F9AD0040F867 /* anyplaceTests.swift */ = {isa = PBXFileReference; lastKnownFileType = sourcecode.swift; path = anyplaceTests.swift; sourceTree = "<group>"; };
		E8A72D862112F9AD0040F867 /* Info.plist */ = {isa = PBXFileReference; lastKnownFileType = text.plist.xml; path = Info.plist; sourceTree = "<group>"; };
		E8BD90BC211979D30019BE8C /* MainViewController.swift */ = {isa = PBXFileReference; fileEncoding = 4; lastKnownFileType = sourcecode.swift; path = MainViewController.swift; sourceTree = "<group>"; };
/* End PBXFileReference section */

/* Begin PBXFrameworksBuildPhase section */
		E8A72D692112F9AB0040F867 /* Frameworks */ = {
			isa = PBXFrameworksBuildPhase;
			buildActionMask = 2147483647;
			files = (
				E892A9952115C44200A57DFC /* MapKit.framework in Frameworks */,
				CD215CCC443CB2B41D54EBC0 /* Pods_anyplace.framework in Frameworks */,
			);
			runOnlyForDeploymentPostprocessing = 0;
		};
		E8A72D7D2112F9AD0040F867 /* Frameworks */ = {
			isa = PBXFrameworksBuildPhase;
			buildActionMask = 2147483647;
			files = (
			);
			runOnlyForDeploymentPostprocessing = 0;
		};
/* End PBXFrameworksBuildPhase section */

/* Begin PBXGroup section */
		67E4C8004F08ADBD022789CC /* Pods */ = {
			isa = PBXGroup;
			children = (
				19F4C3CB56996A4AC2C67E58 /* Pods-anyplace.debug.xcconfig */,
				CA3127CB48A5F7517AF2EE04 /* Pods-anyplace.release.xcconfig */,
			);
			name = Pods;
			sourceTree = "<group>";
		};
		E8360FD8211A21FC0017E400 /* View Controllers */ = {
			isa = PBXGroup;
			children = (
				E8BD90BC211979D30019BE8C /* MainViewController.swift */,
				E849546E2116203D00D031C7 /* HotelDetailsViewController.swift */,
				E8A72D732112F9AB0040F867 /* Main.storyboard */,
			);
			path = "View Controllers";
			sourceTree = "<group>";
		};
		E892A97E2115895C00A57DFC /* Extensions */ = {
			isa = PBXGroup;
			children = (
				E892A97F21158EA300A57DFC /* UIViewExtension.swift */,
			);
			path = Extensions;
			sourceTree = "<group>";
		};
		E892A9882115AFD900A57DFC /* Views */ = {
			isa = PBXGroup;
			children = (
				E84954702116204700D031C7 /* ListCollectionViewCell.swift */,
				E849549B211729EA00D031C7 /* RoomDetailsCell.swift */,
			);
			path = Views;
			sourceTree = "<group>";
		};
		E892A98D2115BEC800A57DFC /* Models */ = {
			isa = PBXGroup;
			children = (
				E892A98E2115BEE600A57DFC /* Hotel.swift */,
				E892A9962115C58A00A57DFC /* HotelAnnotation.swift */,
			);
			path = Models;
			sourceTree = "<group>";
		};
		E892A9902115BF6700A57DFC /* Data */ = {
			isa = PBXGroup;
			children = (
				E892A9912115BF7300A57DFC /* anyplace-hotels.json */,
				E8360FD6211A1BE40017E400 /* APDataManager.swift */,
			);
			path = Data;
			sourceTree = "<group>";
		};
		E892A9932115C44200A57DFC /* Frameworks */ = {
			isa = PBXGroup;
			children = (
				E892A9942115C44200A57DFC /* MapKit.framework */,
				41DA151DEB9E8A68CE4FEB29 /* Pods_anyplace.framework */,
			);
			name = Frameworks;
			sourceTree = "<group>";
		};
		E8A72D632112F9AB0040F867 = {
			isa = PBXGroup;
			children = (
				E8A72D6E2112F9AB0040F867 /* anyplace */,
				E8A72D832112F9AD0040F867 /* anyplaceTests */,
				E8A72D6D2112F9AB0040F867 /* Products */,
				E892A9932115C44200A57DFC /* Frameworks */,
				67E4C8004F08ADBD022789CC /* Pods */,
			);
			sourceTree = "<group>";
		};
		E8A72D6D2112F9AB0040F867 /* Products */ = {
			isa = PBXGroup;
			children = (
				E8A72D6C2112F9AB0040F867 /* anyplace.app */,
				E8A72D802112F9AD0040F867 /* anyplaceTests.xctest */,
			);
			name = Products;
			sourceTree = "<group>";
		};
		E8A72D6E2112F9AB0040F867 /* anyplace */ = {
			isa = PBXGroup;
			children = (
				E8360FD8211A21FC0017E400 /* View Controllers */,
				E892A9902115BF6700A57DFC /* Data */,
				E892A98D2115BEC800A57DFC /* Models */,
				E892A9882115AFD900A57DFC /* Views */,
				E892A97E2115895C00A57DFC /* Extensions */,
				E8A72D6F2112F9AB0040F867 /* AppDelegate.swift */,
				E8A72D762112F9AD0040F867 /* Assets.xcassets */,
				E8A72D782112F9AD0040F867 /* LaunchScreen.storyboard */,
				E8A72D7B2112F9AD0040F867 /* Info.plist */,
			);
			path = anyplace;
			sourceTree = "<group>";
		};
		E8A72D832112F9AD0040F867 /* anyplaceTests */ = {
			isa = PBXGroup;
			children = (
				E8A72D842112F9AD0040F867 /* anyplaceTests.swift */,
				E8A72D862112F9AD0040F867 /* Info.plist */,
			);
			path = anyplaceTests;
			sourceTree = "<group>";
		};
/* End PBXGroup section */

/* Begin PBXNativeTarget section */
		E8A72D6B2112F9AB0040F867 /* anyplace */ = {
			isa = PBXNativeTarget;
			buildConfigurationList = E8A72D892112F9AD0040F867 /* Build configuration list for PBXNativeTarget "anyplace" */;
			buildPhases = (
				1E18BBFE9684B93D59ED4EBD /* [CP] Check Pods Manifest.lock */,
				E8A72D682112F9AB0040F867 /* Sources */,
				E8A72D692112F9AB0040F867 /* Frameworks */,
				E8A72D6A2112F9AB0040F867 /* Resources */,
				6B56617EA9C516C0321BDCFD /* [CP] Embed Pods Frameworks */,
			);
			buildRules = (
			);
			dependencies = (
			);
			name = anyplace;
			productName = anyplace;
			productReference = E8A72D6C2112F9AB0040F867 /* anyplace.app */;
			productType = "com.apple.product-type.application";
		};
		E8A72D7F2112F9AD0040F867 /* anyplaceTests */ = {
			isa = PBXNativeTarget;
			buildConfigurationList = E8A72D8C2112F9AD0040F867 /* Build configuration list for PBXNativeTarget "anyplaceTests" */;
			buildPhases = (
				E8A72D7C2112F9AD0040F867 /* Sources */,
				E8A72D7D2112F9AD0040F867 /* Frameworks */,
				E8A72D7E2112F9AD0040F867 /* Resources */,
			);
			buildRules = (
			);
			dependencies = (
				E8A72D822112F9AD0040F867 /* PBXTargetDependency */,
			);
			name = anyplaceTests;
			productName = anyplaceTests;
			productReference = E8A72D802112F9AD0040F867 /* anyplaceTests.xctest */;
			productType = "com.apple.product-type.bundle.unit-test";
		};
/* End PBXNativeTarget section */

/* Begin PBXProject section */
		E8A72D642112F9AB0040F867 /* Project object */ = {
			isa = PBXProject;
			attributes = {
				LastSwiftUpdateCheck = 0940;
				LastUpgradeCheck = 0940;
				ORGANIZATIONNAME = acyooman;
				TargetAttributes = {
					E8A72D6B2112F9AB0040F867 = {
						CreatedOnToolsVersion = 9.4;
					};
					E8A72D7F2112F9AD0040F867 = {
						CreatedOnToolsVersion = 9.4;
						TestTargetID = E8A72D6B2112F9AB0040F867;
					};
				};
			};
			buildConfigurationList = E8A72D672112F9AB0040F867 /* Build configuration list for PBXProject "anyplace" */;
			compatibilityVersion = "Xcode 9.3";
			developmentRegion = en;
			hasScannedForEncodings = 0;
			knownRegions = (
				en,
				Base,
			);
			mainGroup = E8A72D632112F9AB0040F867;
			productRefGroup = E8A72D6D2112F9AB0040F867 /* Products */;
			projectDirPath = "";
			projectRoot = "";
			targets = (
				E8A72D6B2112F9AB0040F867 /* anyplace */,
				E8A72D7F2112F9AD0040F867 /* anyplaceTests */,
			);
		};
/* End PBXProject section */

/* Begin PBXResourcesBuildPhase section */
		E8A72D6A2112F9AB0040F867 /* Resources */ = {
			isa = PBXResourcesBuildPhase;
			buildActionMask = 2147483647;
			files = (
				E8A72D7A2112F9AD0040F867 /* LaunchScreen.storyboard in Resources */,
				E8A72D772112F9AD0040F867 /* Assets.xcassets in Resources */,
				E8A72D752112F9AB0040F867 /* Main.storyboard in Resources */,
				E892A9922115BF7300A57DFC /* anyplace-hotels.json in Resources */,
			);
			runOnlyForDeploymentPostprocessing = 0;
		};
		E8A72D7E2112F9AD0040F867 /* Resources */ = {
			isa = PBXResourcesBuildPhase;
			buildActionMask = 2147483647;
			files = (
			);
			runOnlyForDeploymentPostprocessing = 0;
		};
/* End PBXResourcesBuildPhase section */

/* Begin PBXShellScriptBuildPhase section */
		1E18BBFE9684B93D59ED4EBD /* [CP] Check Pods Manifest.lock */ = {
			isa = PBXShellScriptBuildPhase;
			buildActionMask = 2147483647;
			files = (
			);
			inputPaths = (
				"${PODS_PODFILE_DIR_PATH}/Podfile.lock",
				"${PODS_ROOT}/Manifest.lock",
			);
			name = "[CP] Check Pods Manifest.lock";
			outputPaths = (
				"$(DERIVED_FILE_DIR)/Pods-anyplace-checkManifestLockResult.txt",
			);
			runOnlyForDeploymentPostprocessing = 0;
			shellPath = /bin/sh;
			shellScript = "diff \"${PODS_PODFILE_DIR_PATH}/Podfile.lock\" \"${PODS_ROOT}/Manifest.lock\" > /dev/null\nif [ $? != 0 ] ; then\n    # print error to STDERR\n    echo \"error: The sandbox is not in sync with the Podfile.lock. Run 'pod install' or update your CocoaPods installation.\" >&2\n    exit 1\nfi\n# This output is used by Xcode 'outputs' to avoid re-running this script phase.\necho \"SUCCESS\" > \"${SCRIPT_OUTPUT_FILE_0}\"\n";
			showEnvVarsInLog = 0;
		};
		6B56617EA9C516C0321BDCFD /* [CP] Embed Pods Frameworks */ = {
			isa = PBXShellScriptBuildPhase;
			buildActionMask = 2147483647;
			files = (
			);
			inputPaths = (
				"${SRCROOT}/Pods/Target Support Files/Pods-anyplace/Pods-anyplace-frameworks.sh",
				"${BUILT_PRODUCTS_DIR}/Kingfisher/Kingfisher.framework",
			);
			name = "[CP] Embed Pods Frameworks";
			outputPaths = (
				"${TARGET_BUILD_DIR}/${FRAMEWORKS_FOLDER_PATH}/Kingfisher.framework",
			);
			runOnlyForDeploymentPostprocessing = 0;
			shellPath = /bin/sh;
			shellScript = "\"${SRCROOT}/Pods/Target Support Files/Pods-anyplace/Pods-anyplace-frameworks.sh\"\n";
			showEnvVarsInLog = 0;
		};
/* End PBXShellScriptBuildPhase section */

/* Begin PBXSourcesBuildPhase section */
		E8A72D682112F9AB0040F867 /* Sources */ = {
			isa = PBXSourcesBuildPhase;
			buildActionMask = 2147483647;
			files = (
				E892A98F2115BEE600A57DFC /* Hotel.swift in Sources */,
				E892A9972115C58A00A57DFC /* HotelAnnotation.swift in Sources */,
				E84954712116204700D031C7 /* ListCollectionViewCell.swift in Sources */,
				E849549C211729EA00D031C7 /* RoomDetailsCell.swift in Sources */,
				E8360FD7211A1BE40017E400 /* APDataManager.swift in Sources */,
				E892A98021158EA300A57DFC /* UIViewExtension.swift in Sources */,
				E8BD90BD211979D30019BE8C /* MainViewController.swift in Sources */,
				E8A72D702112F9AB0040F867 /* AppDelegate.swift in Sources */,
				E849546F2116203D00D031C7 /* HotelDetailsViewController.swift in Sources */,
			);
			runOnlyForDeploymentPostprocessing = 0;
		};
		E8A72D7C2112F9AD0040F867 /* Sources */ = {
			isa = PBXSourcesBuildPhase;
			buildActionMask = 2147483647;
			files = (
				E8A72D852112F9AD0040F867 /* anyplaceTests.swift in Sources */,
			);
			runOnlyForDeploymentPostprocessing = 0;
		};
/* End PBXSourcesBuildPhase section */

/* Begin PBXTargetDependency section */
		E8A72D822112F9AD0040F867 /* PBXTargetDependency */ = {
			isa = PBXTargetDependency;
			target = E8A72D6B2112F9AB0040F867 /* anyplace */;
			targetProxy = E8A72D812112F9AD0040F867 /* PBXContainerItemProxy */;
		};
/* End PBXTargetDependency section */

/* Begin PBXVariantGroup section */
		E8A72D732112F9AB0040F867 /* Main.storyboard */ = {
			isa = PBXVariantGroup;
			children = (
				E8A72D742112F9AB0040F867 /* Base */,
			);
			name = Main.storyboard;
			sourceTree = "<group>";
		};
		E8A72D782112F9AD0040F867 /* LaunchScreen.storyboard */ = {
			isa = PBXVariantGroup;
			children = (
				E8A72D792112F9AD0040F867 /* Base */,
			);
			name = LaunchScreen.storyboard;
			sourceTree = "<group>";
		};
/* End PBXVariantGroup section */

/* Begin XCBuildConfiguration section */
		E8A72D872112F9AD0040F867 /* Debug */ = {
			isa = XCBuildConfiguration;
			buildSettings = {
				ALWAYS_SEARCH_USER_PATHS = NO;
				CLANG_ANALYZER_NONNULL = YES;
				CLANG_ANALYZER_NUMBER_OBJECT_CONVERSION = YES_AGGRESSIVE;
				CLANG_CXX_LANGUAGE_STANDARD = "gnu++14";
				CLANG_CXX_LIBRARY = "libc++";
				CLANG_ENABLE_MODULES = YES;
				CLANG_ENABLE_OBJC_ARC = YES;
				CLANG_ENABLE_OBJC_WEAK = YES;
				CLANG_WARN_BLOCK_CAPTURE_AUTORELEASING = YES;
				CLANG_WARN_BOOL_CONVERSION = YES;
				CLANG_WARN_COMMA = YES;
				CLANG_WARN_CONSTANT_CONVERSION = YES;
				CLANG_WARN_DEPRECATED_OBJC_IMPLEMENTATIONS = YES;
				CLANG_WARN_DIRECT_OBJC_ISA_USAGE = YES_ERROR;
				CLANG_WARN_DOCUMENTATION_COMMENTS = YES;
				CLANG_WARN_EMPTY_BODY = YES;
				CLANG_WARN_ENUM_CONVERSION = YES;
				CLANG_WARN_INFINITE_RECURSION = YES;
				CLANG_WARN_INT_CONVERSION = YES;
				CLANG_WARN_NON_LITERAL_NULL_CONVERSION = YES;
				CLANG_WARN_OBJC_IMPLICIT_RETAIN_SELF = YES;
				CLANG_WARN_OBJC_LITERAL_CONVERSION = YES;
				CLANG_WARN_OBJC_ROOT_CLASS = YES_ERROR;
				CLANG_WARN_RANGE_LOOP_ANALYSIS = YES;
				CLANG_WARN_STRICT_PROTOTYPES = YES;
				CLANG_WARN_SUSPICIOUS_MOVE = YES;
				CLANG_WARN_UNGUARDED_AVAILABILITY = YES_AGGRESSIVE;
				CLANG_WARN_UNREACHABLE_CODE = YES;
				CLANG_WARN__DUPLICATE_METHOD_MATCH = YES;
				CODE_SIGN_IDENTITY = "iPhone Developer";
				COPY_PHASE_STRIP = NO;
				DEBUG_INFORMATION_FORMAT = dwarf;
				ENABLE_STRICT_OBJC_MSGSEND = YES;
				ENABLE_TESTABILITY = YES;
				GCC_C_LANGUAGE_STANDARD = gnu11;
				GCC_DYNAMIC_NO_PIC = NO;
				GCC_NO_COMMON_BLOCKS = YES;
				GCC_OPTIMIZATION_LEVEL = 0;
				GCC_PREPROCESSOR_DEFINITIONS = (
					"DEBUG=1",
					"$(inherited)",
				);
				GCC_WARN_64_TO_32_BIT_CONVERSION = YES;
				GCC_WARN_ABOUT_RETURN_TYPE = YES_ERROR;
				GCC_WARN_UNDECLARED_SELECTOR = YES;
				GCC_WARN_UNINITIALIZED_AUTOS = YES_AGGRESSIVE;
				GCC_WARN_UNUSED_FUNCTION = YES;
				GCC_WARN_UNUSED_VARIABLE = YES;
				IPHONEOS_DEPLOYMENT_TARGET = 11.4;
				MTL_ENABLE_DEBUG_INFO = YES;
				ONLY_ACTIVE_ARCH = YES;
				SDKROOT = iphoneos;
				SWIFT_ACTIVE_COMPILATION_CONDITIONS = DEBUG;
				SWIFT_OPTIMIZATION_LEVEL = "-Onone";
			};
			name = Debug;
		};
		E8A72D882112F9AD0040F867 /* Release */ = {
			isa = XCBuildConfiguration;
			buildSettings = {
				ALWAYS_SEARCH_USER_PATHS = NO;
				CLANG_ANALYZER_NONNULL = YES;
				CLANG_ANALYZER_NUMBER_OBJECT_CONVERSION = YES_AGGRESSIVE;
				CLANG_CXX_LANGUAGE_STANDARD = "gnu++14";
				CLANG_CXX_LIBRARY = "libc++";
				CLANG_ENABLE_MODULES = YES;
				CLANG_ENABLE_OBJC_ARC = YES;
				CLANG_ENABLE_OBJC_WEAK = YES;
				CLANG_WARN_BLOCK_CAPTURE_AUTORELEASING = YES;
				CLANG_WARN_BOOL_CONVERSION = YES;
				CLANG_WARN_COMMA = YES;
				CLANG_WARN_CONSTANT_CONVERSION = YES;
				CLANG_WARN_DEPRECATED_OBJC_IMPLEMENTATIONS = YES;
				CLANG_WARN_DIRECT_OBJC_ISA_USAGE = YES_ERROR;
				CLANG_WARN_DOCUMENTATION_COMMENTS = YES;
				CLANG_WARN_EMPTY_BODY = YES;
				CLANG_WARN_ENUM_CONVERSION = YES;
				CLANG_WARN_INFINITE_RECURSION = YES;
				CLANG_WARN_INT_CONVERSION = YES;
				CLANG_WARN_NON_LITERAL_NULL_CONVERSION = YES;
				CLANG_WARN_OBJC_IMPLICIT_RETAIN_SELF = YES;
				CLANG_WARN_OBJC_LITERAL_CONVERSION = YES;
				CLANG_WARN_OBJC_ROOT_CLASS = YES_ERROR;
				CLANG_WARN_RANGE_LOOP_ANALYSIS = YES;
				CLANG_WARN_STRICT_PROTOTYPES = YES;
				CLANG_WARN_SUSPICIOUS_MOVE = YES;
				CLANG_WARN_UNGUARDED_AVAILABILITY = YES_AGGRESSIVE;
				CLANG_WARN_UNREACHABLE_CODE = YES;
				CLANG_WARN__DUPLICATE_METHOD_MATCH = YES;
				CODE_SIGN_IDENTITY = "iPhone Developer";
				COPY_PHASE_STRIP = NO;
				DEBUG_INFORMATION_FORMAT = "dwarf-with-dsym";
				ENABLE_NS_ASSERTIONS = NO;
				ENABLE_STRICT_OBJC_MSGSEND = YES;
				GCC_C_LANGUAGE_STANDARD = gnu11;
				GCC_NO_COMMON_BLOCKS = YES;
				GCC_WARN_64_TO_32_BIT_CONVERSION = YES;
				GCC_WARN_ABOUT_RETURN_TYPE = YES_ERROR;
				GCC_WARN_UNDECLARED_SELECTOR = YES;
				GCC_WARN_UNINITIALIZED_AUTOS = YES_AGGRESSIVE;
				GCC_WARN_UNUSED_FUNCTION = YES;
				GCC_WARN_UNUSED_VARIABLE = YES;
				IPHONEOS_DEPLOYMENT_TARGET = 11.4;
				MTL_ENABLE_DEBUG_INFO = NO;
				SDKROOT = iphoneos;
				SWIFT_COMPILATION_MODE = wholemodule;
				SWIFT_OPTIMIZATION_LEVEL = "-O";
				VALIDATE_PRODUCT = YES;
			};
			name = Release;
		};
		E8A72D8A2112F9AD0040F867 /* Debug */ = {
			isa = XCBuildConfiguration;
			baseConfigurationReference = 19F4C3CB56996A4AC2C67E58 /* Pods-anyplace.debug.xcconfig */;
			buildSettings = {
				ASSETCATALOG_COMPILER_APPICON_NAME = AppIcon;
				CODE_SIGN_STYLE = Automatic;
				DEVELOPMENT_TEAM = L2VF9Y9HZL;
				INFOPLIST_FILE = anyplace/Info.plist;
				IPHONEOS_DEPLOYMENT_TARGET = 9.0;
				LD_RUNPATH_SEARCH_PATHS = (
					"$(inherited)",
					"@executable_path/Frameworks",
				);
				PRODUCT_BUNDLE_IDENTIFIER = com.acyooman.anyplace;
				PRODUCT_NAME = "$(TARGET_NAME)";
				SWIFT_VERSION = 4.0;
				TARGETED_DEVICE_FAMILY = "1,2";
			};
			name = Debug;
		};
		E8A72D8B2112F9AD0040F867 /* Release */ = {
			isa = XCBuildConfiguration;
			baseConfigurationReference = CA3127CB48A5F7517AF2EE04 /* Pods-anyplace.release.xcconfig */;
			buildSettings = {
				ASSETCATALOG_COMPILER_APPICON_NAME = AppIcon;
				CODE_SIGN_STYLE = Automatic;
				DEVELOPMENT_TEAM = L2VF9Y9HZL;
				INFOPLIST_FILE = anyplace/Info.plist;
				IPHONEOS_DEPLOYMENT_TARGET = 9.0;
				LD_RUNPATH_SEARCH_PATHS = (
					"$(inherited)",
					"@executable_path/Frameworks",
				);
				PRODUCT_BUNDLE_IDENTIFIER = com.acyooman.anyplace;
				PRODUCT_NAME = "$(TARGET_NAME)";
				SWIFT_VERSION = 4.0;
				TARGETED_DEVICE_FAMILY = "1,2";
			};
			name = Release;
		};
		E8A72D8D2112F9AD0040F867 /* Debug */ = {
			isa = XCBuildConfiguration;
			buildSettings = {
				ALWAYS_EMBED_SWIFT_STANDARD_LIBRARIES = YES;
				BUNDLE_LOADER = "$(TEST_HOST)";
				CODE_SIGN_STYLE = Automatic;
				DEVELOPMENT_TEAM = L2VF9Y9HZL;
				INFOPLIST_FILE = anyplaceTests/Info.plist;
				LD_RUNPATH_SEARCH_PATHS = (
					"$(inherited)",
					"@executable_path/Frameworks",
					"@loader_path/Frameworks",
				);
				PRODUCT_BUNDLE_IDENTIFIER = com.acyooman.anyplaceTests;
				PRODUCT_NAME = "$(TARGET_NAME)";
				SWIFT_VERSION = 4.0;
				TARGETED_DEVICE_FAMILY = "1,2";
				TEST_HOST = "$(BUILT_PRODUCTS_DIR)/anyplace.app/anyplace";
			};
			name = Debug;
		};
		E8A72D8E2112F9AD0040F867 /* Release */ = {
			isa = XCBuildConfiguration;
			buildSettings = {
				ALWAYS_EMBED_SWIFT_STANDARD_LIBRARIES = YES;
				BUNDLE_LOADER = "$(TEST_HOST)";
				CODE_SIGN_STYLE = Automatic;
				DEVELOPMENT_TEAM = L2VF9Y9HZL;
				INFOPLIST_FILE = anyplaceTests/Info.plist;
				LD_RUNPATH_SEARCH_PATHS = (
					"$(inherited)",
					"@executable_path/Frameworks",
					"@loader_path/Frameworks",
				);
				PRODUCT_BUNDLE_IDENTIFIER = com.acyooman.anyplaceTests;
				PRODUCT_NAME = "$(TARGET_NAME)";
				SWIFT_VERSION = 4.0;
				TARGETED_DEVICE_FAMILY = "1,2";
				TEST_HOST = "$(BUILT_PRODUCTS_DIR)/anyplace.app/anyplace";
			};
			name = Release;
		};
/* End XCBuildConfiguration section */

/* Begin XCConfigurationList section */
		E8A72D672112F9AB0040F867 /* Build configuration list for PBXProject "anyplace" */ = {
			isa = XCConfigurationList;
			buildConfigurations = (
				E8A72D872112F9AD0040F867 /* Debug */,
				E8A72D882112F9AD0040F867 /* Release */,
			);
			defaultConfigurationIsVisible = 0;
			defaultConfigurationName = Release;
		};
		E8A72D892112F9AD0040F867 /* Build configuration list for PBXNativeTarget "anyplace" */ = {
			isa = XCConfigurationList;
			buildConfigurations = (
				E8A72D8A2112F9AD0040F867 /* Debug */,
				E8A72D8B2112F9AD0040F867 /* Release */,
			);
			defaultConfigurationIsVisible = 0;
			defaultConfigurationName = Release;
		};
		E8A72D8C2112F9AD0040F867 /* Build configuration list for PBXNativeTarget "anyplaceTests" */ = {
			isa = XCConfigurationList;
			buildConfigurations = (
				E8A72D8D2112F9AD0040F867 /* Debug */,
				E8A72D8E2112F9AD0040F867 /* Release */,
			);
			defaultConfigurationIsVisible = 0;
			defaultConfigurationName = Release;
		};
/* End XCConfigurationList section */
	};
	rootObject = E8A72D642112F9AB0040F867 /* Project object */;
}
